
Microsoft Visual Studio Solution File, Format Version 12.00
# Visual Studio Version 16
VisualStudioVersion = 16.0.28803.452
MinimumVisualStudioVersion = 10.0.40219.1
Project("{F184B08F-C81C-45F6-A57F-5ABD9991F28F}") = "Bibiru", "Bibiru\Bibiru.vbproj", "{B1B69580-4DBD-41BC-9337-7219AFD2F3F1}"
EndProject
Global
	GlobalSection(SolutionConfigurationPlatforms) = preSolution
		Debug|Any CPU = Debug|Any CPU
		Release|Any CPU = Release|Any CPU
	EndGlobalSection
	GlobalSection(ProjectConfigurationPlatforms) = postSolution
		{B1B69580-4DBD-41BC-9337-7219AFD2F3F1}.Debug|Any CPU.ActiveCfg = Debug|Any CPU
		{B1B69580-4DBD-41BC-9337-7219AFD2F3F1}.Debug|Any CPU.Build.0 = Debug|Any CPU
		{B1B69580-4DBD-41BC-9337-7219AFD2F3F1}.Release|Any CPU.ActiveCfg = Release|Any CPU
		{B1B69580-4DBD-41BC-9337-7219AFD2F3F1}.Release|Any CPU.Build.0 = Release|Any CPU
	EndGlobalSection
	GlobalSection(SolutionProperties) = preSolution
		HideSolutionNode = FALSE
	EndGlobalSection
	GlobalSection(ExtensibilityGlobals) = postSolution
		SolutionGuid = {DC15A2C5-43DD-49F9-91F7-A3742D2054BE}
	EndGlobalSection
EndGlobal
